
Microsoft Visual Studio Solution File, Format Version 12.00
# Visual Studio Version 17
VisualStudioVersion = 17.1.32421.90
MinimumVisualStudioVersion = 10.0.40219.1
Project("{8BC9CEB8-8B4A-11D0-8D11-00A0C91BC942}") = "Milionerzy", "Milionerzy\Milionerzy.vcxproj", "{2D4FE52B-96B8-4A45-B975-7E2C626E509A}"
EndProject
Global
	GlobalSection(SolutionConfigurationPlatforms) = preSolution
		Debug|x64 = Debug|x64
		Debug|x86 = Debug|x86
		Release|x64 = Release|x64
		Release|x86 = Release|x86
	EndGlobalSection
	GlobalSection(ProjectConfigurationPlatforms) = postSolution
		{2D4FE52B-96B8-4A45-B975-7E2C626E509A}.Debug|x64.ActiveCfg = Debug|x64
		{2D4FE52B-96B8-4A45-B975-7E2C626E509A}.Debug|x64.Build.0 = Debug|x64
		{2D4FE52B-96B8-4A45-B975-7E2C626E509A}.Debug|x86.ActiveCfg = Debug|Win32
		{2D4FE52B-96B8-4A45-B975-7E2C626E509A}.Debug|x86.Build.0 = Debug|Win32
		{2D4FE52B-96B8-4A45-B975-7E2C626E509A}.Release|x64.ActiveCfg = Release|x64
		{2D4FE52B-96B8-4A45-B975-7E2C626E509A}.Release|x64.Build.0 = Release|x64
		{2D4FE52B-96B8-4A45-B975-7E2C626E509A}.Release|x86.ActiveCfg = Release|Win32
		{2D4FE52B-96B8-4A45-B975-7E2C626E509A}.Release|x86.Build.0 = Release|Win32
	EndGlobalSection
	GlobalSection(SolutionProperties) = preSolution
		HideSolutionNode = FALSE
	EndGlobalSection
	GlobalSection(ExtensibilityGlobals) = postSolution
		SolutionGuid = {09238D24-C716-4114-A58C-7160424D1977}
	EndGlobalSection
EndGlobal
